
Microsoft Visual Studio Solution File, Format Version 12.00
# Visual Studio Version 17
VisualStudioVersion = 17.7.34221.43
MinimumVisualStudioVersion = 10.0.40219.1
Project("{FAE04EC0-301F-11D3-BF4B-00C04F79EFBC}") = "Slave", "Slave\Slave.csproj", "{D86D7D3E-0300-405D-996F-C7DC89D228B3}"
EndProject
Global
	GlobalSection(SolutionConfigurationPlatforms) = preSolution
		Debug|Any CPU = Debug|Any CPU
		Release|Any CPU = Release|Any CPU
	EndGlobalSection
	GlobalSection(ProjectConfigurationPlatforms) = postSolution
		{D86D7D3E-0300-405D-996F-C7DC89D228B3}.Debug|Any CPU.ActiveCfg = Debug|Any CPU
		{D86D7D3E-0300-405D-996F-C7DC89D228B3}.Debug|Any CPU.Build.0 = Debug|Any CPU
		{D86D7D3E-0300-405D-996F-C7DC89D228B3}.Release|Any CPU.ActiveCfg = Release|Any CPU
		{D86D7D3E-0300-405D-996F-C7DC89D228B3}.Release|Any CPU.Build.0 = Release|Any CPU
	EndGlobalSection
	GlobalSection(SolutionProperties) = preSolution
		HideSolutionNode = FALSE
	EndGlobalSection
	GlobalSection(ExtensibilityGlobals) = postSolution
		SolutionGuid = {FD9A3199-B4C6-4AD4-9138-574CDFC3CBD4}
	EndGlobalSection
EndGlobal
